
Microsoft Visual Studio Solution File, Format Version 12.00
# Visual Studio Version 16
VisualStudioVersion = 16.0.33529.622
MinimumVisualStudioVersion = 10.0.40219.1
Project("{FAE04EC0-301F-11D3-BF4B-00C04F79EFBC}") = "CalculadoraConsole", "CalculadoraConsole\CalculadoraConsole.csproj", "{27723E0B-E660-4A88-85A2-D031D6A6983C}"
EndProject
Global
	GlobalSection(SolutionConfigurationPlatforms) = preSolution
		Debug|Any CPU = Debug|Any CPU
		Release|Any CPU = Release|Any CPU
	EndGlobalSection
	GlobalSection(ProjectConfigurationPlatforms) = postSolution
		{27723E0B-E660-4A88-85A2-D031D6A6983C}.Debug|Any CPU.ActiveCfg = Debug|Any CPU
		{27723E0B-E660-4A88-85A2-D031D6A6983C}.Debug|Any CPU.Build.0 = Debug|Any CPU
		{27723E0B-E660-4A88-85A2-D031D6A6983C}.Release|Any CPU.ActiveCfg = Release|Any CPU
		{27723E0B-E660-4A88-85A2-D031D6A6983C}.Release|Any CPU.Build.0 = Release|Any CPU
	EndGlobalSection
	GlobalSection(SolutionProperties) = preSolution
		HideSolutionNode = FALSE
	EndGlobalSection
	GlobalSection(ExtensibilityGlobals) = postSolution
		SolutionGuid = {B782BB03-FA5A-4E61-9340-D1BC9BC0E273}
	EndGlobalSection
EndGlobal
